
Microsoft Visual Studio Solution File, Format Version 12.00
# Visual Studio Version 16
VisualStudioVersion = 16.0.30621.155
MinimumVisualStudioVersion = 10.0.40219.1
Project("{FAE04EC0-301F-11D3-BF4B-00C04F79EFBC}") = "Zadanie1", "Zadanie1\Zadanie1.csproj", "{1F421E8B-B286-431E-BC6B-B0FEC35A4610}"
EndProject
Project("{FAE04EC0-301F-11D3-BF4B-00C04F79EFBC}") = "Zadanie1UnitTests", "Zadanie1UnitTests\Zadanie1UnitTests.csproj", "{0A09DF30-8AFD-495C-BDE8-B015A411EC98}"
EndProject
Project("{FAE04EC0-301F-11D3-BF4B-00C04F79EFBC}") = "Zadanie2", "Zadanie2\Zadanie2.csproj", "{9BF8DE48-492D-41A3-87A6-62EAEBB32C3A}"
EndProject
Project("{FAE04EC0-301F-11D3-BF4B-00C04F79EFBC}") = "Zadanie2UnitTests", "Zadanie2UnitTests\Zadanie2UnitTests.csproj", "{DCFD08FA-32A5-4F43-A364-02D2F0EDD0F6}"
EndProject
Project("{FAE04EC0-301F-11D3-BF4B-00C04F79EFBC}") = "Zadanie3", "Zadanie3\Zadanie3.csproj", "{5606A3D2-567D-4C0E-A184-32A324DFE6B9}"
EndProject
Project("{FAE04EC0-301F-11D3-BF4B-00C04F79EFBC}") = "Zadanie3UnitTests", "Zadanie3UnitTests\Zadanie3UnitTests.csproj", "{844E2440-4B71-4AE7-BB65-0DA3E68690B6}"
EndProject
Project("{FAE04EC0-301F-11D3-BF4B-00C04F79EFBC}") = "Zadanie4", "Zadanie4\Zadanie4.csproj", "{60B6C343-745B-4B46-A80B-8AE9B6308B67}"
EndProject
Global
	GlobalSection(SolutionConfigurationPlatforms) = preSolution
		Debug|Any CPU = Debug|Any CPU
		Release|Any CPU = Release|Any CPU
	EndGlobalSection
	GlobalSection(ProjectConfigurationPlatforms) = postSolution
		{1F421E8B-B286-431E-BC6B-B0FEC35A4610}.Debug|Any CPU.ActiveCfg = Debug|Any CPU
		{1F421E8B-B286-431E-BC6B-B0FEC35A4610}.Debug|Any CPU.Build.0 = Debug|Any CPU
		{1F421E8B-B286-431E-BC6B-B0FEC35A4610}.Release|Any CPU.ActiveCfg = Release|Any CPU
		{1F421E8B-B286-431E-BC6B-B0FEC35A4610}.Release|Any CPU.Build.0 = Release|Any CPU
		{0A09DF30-8AFD-495C-BDE8-B015A411EC98}.Debug|Any CPU.ActiveCfg = Debug|Any CPU
		{0A09DF30-8AFD-495C-BDE8-B015A411EC98}.Debug|Any CPU.Build.0 = Debug|Any CPU
		{0A09DF30-8AFD-495C-BDE8-B015A411EC98}.Release|Any CPU.ActiveCfg = Release|Any CPU
		{0A09DF30-8AFD-495C-BDE8-B015A411EC98}.Release|Any CPU.Build.0 = Release|Any CPU
		{9BF8DE48-492D-41A3-87A6-62EAEBB32C3A}.Debug|Any CPU.ActiveCfg = Debug|Any CPU
		{9BF8DE48-492D-41A3-87A6-62EAEBB32C3A}.Debug|Any CPU.Build.0 = Debug|Any CPU
		{9BF8DE48-492D-41A3-87A6-62EAEBB32C3A}.Release|Any CPU.ActiveCfg = Release|Any CPU
		{9BF8DE48-492D-41A3-87A6-62EAEBB32C3A}.Release|Any CPU.Build.0 = Release|Any CPU
		{DCFD08FA-32A5-4F43-A364-02D2F0EDD0F6}.Debug|Any CPU.ActiveCfg = Debug|Any CPU
		{DCFD08FA-32A5-4F43-A364-02D2F0EDD0F6}.Debug|Any CPU.Build.0 = Debug|Any CPU
		{DCFD08FA-32A5-4F43-A364-02D2F0EDD0F6}.Release|Any CPU.ActiveCfg = Release|Any CPU
		{DCFD08FA-32A5-4F43-A364-02D2F0EDD0F6}.Release|Any CPU.Build.0 = Release|Any CPU
		{5606A3D2-567D-4C0E-A184-32A324DFE6B9}.Debug|Any CPU.ActiveCfg = Debug|Any CPU
		{5606A3D2-567D-4C0E-A184-32A324DFE6B9}.Debug|Any CPU.Build.0 = Debug|Any CPU
		{5606A3D2-567D-4C0E-A184-32A324DFE6B9}.Release|Any CPU.ActiveCfg = Release|Any CPU
		{5606A3D2-567D-4C0E-A184-32A324DFE6B9}.Release|Any CPU.Build.0 = Release|Any CPU
		{844E2440-4B71-4AE7-BB65-0DA3E68690B6}.Debug|Any CPU.ActiveCfg = Debug|Any CPU
		{844E2440-4B71-4AE7-BB65-0DA3E68690B6}.Debug|Any CPU.Build.0 = Debug|Any CPU
		{844E2440-4B71-4AE7-BB65-0DA3E68690B6}.Release|Any CPU.ActiveCfg = Release|Any CPU
		{844E2440-4B71-4AE7-BB65-0DA3E68690B6}.Release|Any CPU.Build.0 = Release|Any CPU
		{60B6C343-745B-4B46-A80B-8AE9B6308B67}.Debug|Any CPU.ActiveCfg = Debug|Any CPU
		{60B6C343-745B-4B46-A80B-8AE9B6308B67}.Debug|Any CPU.Build.0 = Debug|Any CPU
		{60B6C343-745B-4B46-A80B-8AE9B6308B67}.Release|Any CPU.ActiveCfg = Release|Any CPU
		{60B6C343-745B-4B46-A80B-8AE9B6308B67}.Release|Any CPU.Build.0 = Release|Any CPU
	EndGlobalSection
	GlobalSection(SolutionProperties) = preSolution
		HideSolutionNode = FALSE
	EndGlobalSection
	GlobalSection(ExtensibilityGlobals) = postSolution
		SolutionGuid = {84639186-2C45-4409-9544-B967685C066D}
	EndGlobalSection
EndGlobal
